
Microsoft Visual Studio Solution File, Format Version 12.00
# Visual Studio Version 17
VisualStudioVersion = 17.5.002.0
MinimumVisualStudioVersion = 10.0.40219.1
Project("{2150E333-8FDC-42A3-9474-1A3956D46DE8}") = "reusable", "reusable", "{CDA07A84-1D43-4056-9E75-9346952EB2D8}"
EndProject
Project("{2150E333-8FDC-42A3-9474-1A3956D46DE8}") = "ArgumentParser", "ArgumentParser", "{10419EF5-0C62-4A6B-9D7E-BBC984991148}"
EndProject
Project("{9A19103F-16F7-4668-BE54-9A1E7A4F7556}") = "ArgumentParser", "reusable\ArgumentParser\out\ArgumentParser.csproj", "{F938F5C7-4185-4FCF-8626-735D42F716E9}"
EndProject
Project("{2150E333-8FDC-42A3-9474-1A3956D46DE8}") = "FileSystem", "FileSystem", "{299C56B0-D776-4360-BD69-6B6D70A220E2}"
EndProject
Project("{9A19103F-16F7-4668-BE54-9A1E7A4F7556}") = "FileSystem", "reusable\FileSystem\out\FileSystem.csproj", "{CBCCFC7D-1F3B-4014-A470-B40797B94EBF}"
EndProject
Project("{2150E333-8FDC-42A3-9474-1A3956D46DE8}") = "Logging", "Logging", "{A15C526E-023C-4863-9600-1943DD3A4C03}"
EndProject
Project("{9A19103F-16F7-4668-BE54-9A1E7A4F7556}") = "Logging", "reusable\Logging\out\Logging.csproj", "{DA8796CB-7225-4F84-9F54-E9360549E108}"
EndProject
Project("{2150E333-8FDC-42A3-9474-1A3956D46DE8}") = "photonlang", "photonlang", "{C13DDB61-1094-4554-B942-EBA6AF1D966D}"
EndProject
Project("{2150E333-8FDC-42A3-9474-1A3956D46DE8}") = "Photon", "Photon", "{E8F50B7B-0F5F-47C6-B9BF-D07B2A98CCEC}"
EndProject
Project("{9A19103F-16F7-4668-BE54-9A1E7A4F7556}") = "Photon", "photonlang\Photon\out\Photon.csproj", "{040CF7A3-BFB6-46D7-9DA4-D90974049721}"
EndProject
Project("{2150E333-8FDC-42A3-9474-1A3956D46DE8}") = "Compiler", "Compiler", "{97BBB5BF-3792-4D0D-A520-94353DC057C0}"
EndProject
Project("{9A19103F-16F7-4668-BE54-9A1E7A4F7556}") = "PhotonCompiler", "photonlang\Compiler\out\PhotonCompiler.csproj", "{F6080E7F-C34A-4E2B-B97A-BFE18D591B1A}"
EndProject
Global
	GlobalSection(SolutionConfigurationPlatforms) = preSolution
		Debug|Any CPU = Debug|Any CPU
		Release|Any CPU = Release|Any CPU
	EndGlobalSection
	GlobalSection(ProjectConfigurationPlatforms) = postSolution
		{F938F5C7-4185-4FCF-8626-735D42F716E9}.Debug|Any CPU.ActiveCfg = Debug|Any CPU
		{F938F5C7-4185-4FCF-8626-735D42F716E9}.Debug|Any CPU.Build.0 = Debug|Any CPU
		{F938F5C7-4185-4FCF-8626-735D42F716E9}.Release|Any CPU.ActiveCfg = Release|Any CPU
		{F938F5C7-4185-4FCF-8626-735D42F716E9}.Release|Any CPU.Build.0 = Release|Any CPU
		{CBCCFC7D-1F3B-4014-A470-B40797B94EBF}.Debug|Any CPU.ActiveCfg = Debug|Any CPU
		{CBCCFC7D-1F3B-4014-A470-B40797B94EBF}.Debug|Any CPU.Build.0 = Debug|Any CPU
		{CBCCFC7D-1F3B-4014-A470-B40797B94EBF}.Release|Any CPU.ActiveCfg = Release|Any CPU
		{CBCCFC7D-1F3B-4014-A470-B40797B94EBF}.Release|Any CPU.Build.0 = Release|Any CPU
		{DA8796CB-7225-4F84-9F54-E9360549E108}.Debug|Any CPU.ActiveCfg = Debug|Any CPU
		{DA8796CB-7225-4F84-9F54-E9360549E108}.Debug|Any CPU.Build.0 = Debug|Any CPU
		{DA8796CB-7225-4F84-9F54-E9360549E108}.Release|Any CPU.ActiveCfg = Release|Any CPU
		{DA8796CB-7225-4F84-9F54-E9360549E108}.Release|Any CPU.Build.0 = Release|Any CPU
		{040CF7A3-BFB6-46D7-9DA4-D90974049721}.Debug|Any CPU.ActiveCfg = Debug|Any CPU
		{040CF7A3-BFB6-46D7-9DA4-D90974049721}.Debug|Any CPU.Build.0 = Debug|Any CPU
		{040CF7A3-BFB6-46D7-9DA4-D90974049721}.Release|Any CPU.ActiveCfg = Release|Any CPU
		{040CF7A3-BFB6-46D7-9DA4-D90974049721}.Release|Any CPU.Build.0 = Release|Any CPU
		{F6080E7F-C34A-4E2B-B97A-BFE18D591B1A}.Debug|Any CPU.ActiveCfg = Debug|Any CPU
		{F6080E7F-C34A-4E2B-B97A-BFE18D591B1A}.Debug|Any CPU.Build.0 = Debug|Any CPU
		{F6080E7F-C34A-4E2B-B97A-BFE18D591B1A}.Release|Any CPU.ActiveCfg = Release|Any CPU
		{F6080E7F-C34A-4E2B-B97A-BFE18D591B1A}.Release|Any CPU.Build.0 = Release|Any CPU
	EndGlobalSection
	GlobalSection(SolutionProperties) = preSolution
		HideSolutionNode = FALSE
	EndGlobalSection
	GlobalSection(NestedProjects) = preSolution
		{10419EF5-0C62-4A6B-9D7E-BBC984991148} = {CDA07A84-1D43-4056-9E75-9346952EB2D8}
		{F938F5C7-4185-4FCF-8626-735D42F716E9} = {10419EF5-0C62-4A6B-9D7E-BBC984991148}
		{299C56B0-D776-4360-BD69-6B6D70A220E2} = {CDA07A84-1D43-4056-9E75-9346952EB2D8}
		{CBCCFC7D-1F3B-4014-A470-B40797B94EBF} = {299C56B0-D776-4360-BD69-6B6D70A220E2}
		{A15C526E-023C-4863-9600-1943DD3A4C03} = {CDA07A84-1D43-4056-9E75-9346952EB2D8}
		{DA8796CB-7225-4F84-9F54-E9360549E108} = {A15C526E-023C-4863-9600-1943DD3A4C03}
		{E8F50B7B-0F5F-47C6-B9BF-D07B2A98CCEC} = {C13DDB61-1094-4554-B942-EBA6AF1D966D}
		{040CF7A3-BFB6-46D7-9DA4-D90974049721} = {E8F50B7B-0F5F-47C6-B9BF-D07B2A98CCEC}
		{97BBB5BF-3792-4D0D-A520-94353DC057C0} = {C13DDB61-1094-4554-B942-EBA6AF1D966D}
		{F6080E7F-C34A-4E2B-B97A-BFE18D591B1A} = {97BBB5BF-3792-4D0D-A520-94353DC057C0}
	EndGlobalSection
	GlobalSection(ExtensibilityGlobals) = postSolution
		SolutionGuid = {7ECF338A-B7C8-467A-ACA4-DFC434C6A8C3}
	EndGlobalSection
EndGlobal
